
Microsoft Visual Studio Solution File, Format Version 12.00
Project("{2150E333-8FDC-42A3-9474-1A3956D46DE8}") = "Api", "Api", "{10353C2B-613D-4ABD-87E1-B8EF850424FA}"
EndProject
Project("{FAE04EC0-301F-11D3-BF4B-00C04F79EFBC}") = "MaaDownloadServer.Api.AspNetCore", "src\Api\MaaDownloadServer.Api.AspNetCore\MaaDownloadServer.Api.AspNetCore.csproj", "{4E8E2ABC-0549-4F6F-AA4F-61A17BF04185}"
EndProject
Project("{FAE04EC0-301F-11D3-BF4B-00C04F79EFBC}") = "MaaDownloadServer.Api.AzureFunctions", "src\Api\MaaDownloadServer.Api.AzureFunctions\MaaDownloadServer.Api.AzureFunctions.csproj", "{3FCB6496-6A30-4103-8236-D34C56FFC255}"
EndProject
Project("{2150E333-8FDC-42A3-9474-1A3956D46DE8}") = "Tools", "Tools", "{B5C6DE68-509E-4D4E-9DEB-26B9E66D9F90}"
EndProject
Project("{9A19103F-16F7-4668-BE54-9A1E7A4F7556}") = "MaaDownloadServer.Tools.Builder", "build\MaaDownloadServer.Tools.Builder.csproj", "{7CF8CC54-EF91-4590-930E-5986E37D0702}"
EndProject
Project("{2150E333-8FDC-42A3-9474-1A3956D46DE8}") = "Core", "Core", "{B4158AD8-53A5-4815-BB45-5425DB9C3F65}"
EndProject
Project("{2150E333-8FDC-42A3-9474-1A3956D46DE8}") = "Data", "Data", "{D3CBFA81-9C25-4F96-8D8E-A755D9458128}"
EndProject
Project("{FAE04EC0-301F-11D3-BF4B-00C04F79EFBC}") = "MaaDownloadServer.Core.Domain", "src\Core\MaaDownloadServer.Core.Domain\MaaDownloadServer.Core.Domain.csproj", "{10C53148-6A0C-4E80-A6BA-C82DD7F3F99A}"
EndProject
Project("{FAE04EC0-301F-11D3-BF4B-00C04F79EFBC}") = "MaaDownloadServer.Core.Abstractions", "src\Core\MaaDownloadServer.Core.Abstractions\MaaDownloadServer.Core.Abstractions.csproj", "{AC23CBD6-7727-4A08-86A9-6926C76F7449}"
EndProject
Project("{2150E333-8FDC-42A3-9474-1A3956D46DE8}") = "App", "App", "{0591E50C-7C90-4567-810F-8678021B3979}"
EndProject
Project("{FAE04EC0-301F-11D3-BF4B-00C04F79EFBC}") = "MaaDownloadServer.App.Operator", "src\App\MaaDownloadServer.App.Operator\MaaDownloadServer.App.Operator.csproj", "{A1F872C7-D160-4568-B3E3-387EDFC62852}"
EndProject
Project("{FAE04EC0-301F-11D3-BF4B-00C04F79EFBC}") = "MaaDownloadServer.App.Resolver", "src\App\MaaDownloadServer.App.Resolver\MaaDownloadServer.App.Resolver.csproj", "{E64463B3-969C-4637-8B94-3E92C98AF15E}"
EndProject
Project("{FAE04EC0-301F-11D3-BF4B-00C04F79EFBC}") = "MaaDownloadServer.Data.Base", "src\Data\MaaDownloadServer.Data.Base\MaaDownloadServer.Data.Base.csproj", "{DC26E2C6-9AF7-487E-9848-5141A4B46371}"
EndProject
Project("{FAE04EC0-301F-11D3-BF4B-00C04F79EFBC}") = "MaaDownloadServer.Data.Db.Postgres", "src\Data\MaaDownloadServer.Data.Db.Postgres\MaaDownloadServer.Data.Db.Postgres.csproj", "{9262244F-5CE1-4DBA-8579-0D9671199471}"
EndProject
Project("{FAE04EC0-301F-11D3-BF4B-00C04F79EFBC}") = "MaaDownloadServer.Data.Db.Cosmos", "src\Data\MaaDownloadServer.Data.Db.Cosmos\MaaDownloadServer.Data.Db.Cosmos.csproj", "{BBD08A9D-A6EA-45BB-9051-2B009D821BC8}"
EndProject
Project("{FAE04EC0-301F-11D3-BF4B-00C04F79EFBC}") = "MaaDownloadServer.Data.Context", "src\Data\MaaDownloadServer.Data.Context\MaaDownloadServer.Data.Context.csproj", "{96B61B37-3B10-423A-B166-16FCDE5AA586}"
EndProject
Project("{2150E333-8FDC-42A3-9474-1A3956D46DE8}") = "Shared", "Shared", "{AEEFC09B-5230-4101-9119-613C597CDD34}"
EndProject
Project("{FAE04EC0-301F-11D3-BF4B-00C04F79EFBC}") = "MaaDownloadServer.Shared.Utils", "src\Shared\MaaDownloadServer.Shared.Utils\MaaDownloadServer.Shared.Utils.csproj", "{62017436-714D-4995-9514-64F8140EA574}"
EndProject
Project("{FAE04EC0-301F-11D3-BF4B-00C04F79EFBC}") = "MaaDownloadServer.Shared.Services", "src\Shared\MaaDownloadServer.Shared.Services\MaaDownloadServer.Shared.Services.csproj", "{93C1E518-2F5C-4D32-99D3-086AFB35F285}"
EndProject
Project("{2150E333-8FDC-42A3-9474-1A3956D46DE8}") = "Worker", "Worker", "{7C841E9D-37F3-4233-8162-5A76DAE9DCCB}"
EndProject
Project("{FAE04EC0-301F-11D3-BF4B-00C04F79EFBC}") = "MaaDownloadServer.Worker.Updater", "src\Worker\MaaDownloadServer.Worker.Updater\MaaDownloadServer.Worker.Updater.csproj", "{0903438A-EE4E-44EA-92C8-937BB1FF4394}"
EndProject
Project("{FAE04EC0-301F-11D3-BF4B-00C04F79EFBC}") = "MaaDownloadServer.Worker.FileServer", "src\Worker\MaaDownloadServer.Worker.FileServer\MaaDownloadServer.Worker.FileServer.csproj", "{3BA24EDF-B2DD-41BD-BC9F-3F9C16A25D02}"
EndProject
Project("{FAE04EC0-301F-11D3-BF4B-00C04F79EFBC}") = "MaaDownloadServer.Tools.LocalCaller", "src\Tools\MaaDownloadServer.Tools.LocalCaller\MaaDownloadServer.Tools.LocalCaller.csproj", "{45FE11F6-996B-45F2-8465-519EDE0BF016}"
EndProject
Global
	GlobalSection(SolutionConfigurationPlatforms) = preSolution
		Debug|Any CPU = Debug|Any CPU
		Release|Any CPU = Release|Any CPU
	EndGlobalSection
	GlobalSection(ProjectConfigurationPlatforms) = postSolution
		{7CF8CC54-EF91-4590-930E-5986E37D0702}.Debug|Any CPU.ActiveCfg = Debug|Any CPU
		{7CF8CC54-EF91-4590-930E-5986E37D0702}.Release|Any CPU.ActiveCfg = Release|Any CPU
		{4E8E2ABC-0549-4F6F-AA4F-61A17BF04185}.Debug|Any CPU.ActiveCfg = Debug|Any CPU
		{4E8E2ABC-0549-4F6F-AA4F-61A17BF04185}.Debug|Any CPU.Build.0 = Debug|Any CPU
		{4E8E2ABC-0549-4F6F-AA4F-61A17BF04185}.Release|Any CPU.ActiveCfg = Release|Any CPU
		{4E8E2ABC-0549-4F6F-AA4F-61A17BF04185}.Release|Any CPU.Build.0 = Release|Any CPU
		{3FCB6496-6A30-4103-8236-D34C56FFC255}.Debug|Any CPU.ActiveCfg = Debug|Any CPU
		{3FCB6496-6A30-4103-8236-D34C56FFC255}.Debug|Any CPU.Build.0 = Debug|Any CPU
		{3FCB6496-6A30-4103-8236-D34C56FFC255}.Release|Any CPU.ActiveCfg = Release|Any CPU
		{3FCB6496-6A30-4103-8236-D34C56FFC255}.Release|Any CPU.Build.0 = Release|Any CPU
		{10C53148-6A0C-4E80-A6BA-C82DD7F3F99A}.Debug|Any CPU.ActiveCfg = Debug|Any CPU
		{10C53148-6A0C-4E80-A6BA-C82DD7F3F99A}.Debug|Any CPU.Build.0 = Debug|Any CPU
		{10C53148-6A0C-4E80-A6BA-C82DD7F3F99A}.Release|Any CPU.ActiveCfg = Release|Any CPU
		{10C53148-6A0C-4E80-A6BA-C82DD7F3F99A}.Release|Any CPU.Build.0 = Release|Any CPU
		{AC23CBD6-7727-4A08-86A9-6926C76F7449}.Debug|Any CPU.ActiveCfg = Debug|Any CPU
		{AC23CBD6-7727-4A08-86A9-6926C76F7449}.Debug|Any CPU.Build.0 = Debug|Any CPU
		{AC23CBD6-7727-4A08-86A9-6926C76F7449}.Release|Any CPU.ActiveCfg = Release|Any CPU
		{AC23CBD6-7727-4A08-86A9-6926C76F7449}.Release|Any CPU.Build.0 = Release|Any CPU
		{A1F872C7-D160-4568-B3E3-387EDFC62852}.Debug|Any CPU.ActiveCfg = Debug|Any CPU
		{A1F872C7-D160-4568-B3E3-387EDFC62852}.Debug|Any CPU.Build.0 = Debug|Any CPU
		{A1F872C7-D160-4568-B3E3-387EDFC62852}.Release|Any CPU.ActiveCfg = Release|Any CPU
		{A1F872C7-D160-4568-B3E3-387EDFC62852}.Release|Any CPU.Build.0 = Release|Any CPU
		{E64463B3-969C-4637-8B94-3E92C98AF15E}.Debug|Any CPU.ActiveCfg = Debug|Any CPU
		{E64463B3-969C-4637-8B94-3E92C98AF15E}.Debug|Any CPU.Build.0 = Debug|Any CPU
		{E64463B3-969C-4637-8B94-3E92C98AF15E}.Release|Any CPU.ActiveCfg = Release|Any CPU
		{E64463B3-969C-4637-8B94-3E92C98AF15E}.Release|Any CPU.Build.0 = Release|Any CPU
		{DC26E2C6-9AF7-487E-9848-5141A4B46371}.Debug|Any CPU.ActiveCfg = Debug|Any CPU
		{DC26E2C6-9AF7-487E-9848-5141A4B46371}.Debug|Any CPU.Build.0 = Debug|Any CPU
		{DC26E2C6-9AF7-487E-9848-5141A4B46371}.Release|Any CPU.ActiveCfg = Release|Any CPU
		{DC26E2C6-9AF7-487E-9848-5141A4B46371}.Release|Any CPU.Build.0 = Release|Any CPU
		{9262244F-5CE1-4DBA-8579-0D9671199471}.Debug|Any CPU.ActiveCfg = Debug|Any CPU
		{9262244F-5CE1-4DBA-8579-0D9671199471}.Debug|Any CPU.Build.0 = Debug|Any CPU
		{9262244F-5CE1-4DBA-8579-0D9671199471}.Release|Any CPU.ActiveCfg = Release|Any CPU
		{9262244F-5CE1-4DBA-8579-0D9671199471}.Release|Any CPU.Build.0 = Release|Any CPU
		{BBD08A9D-A6EA-45BB-9051-2B009D821BC8}.Debug|Any CPU.ActiveCfg = Debug|Any CPU
		{BBD08A9D-A6EA-45BB-9051-2B009D821BC8}.Debug|Any CPU.Build.0 = Debug|Any CPU
		{BBD08A9D-A6EA-45BB-9051-2B009D821BC8}.Release|Any CPU.ActiveCfg = Release|Any CPU
		{BBD08A9D-A6EA-45BB-9051-2B009D821BC8}.Release|Any CPU.Build.0 = Release|Any CPU
		{96B61B37-3B10-423A-B166-16FCDE5AA586}.Debug|Any CPU.ActiveCfg = Debug|Any CPU
		{96B61B37-3B10-423A-B166-16FCDE5AA586}.Debug|Any CPU.Build.0 = Debug|Any CPU
		{96B61B37-3B10-423A-B166-16FCDE5AA586}.Release|Any CPU.ActiveCfg = Release|Any CPU
		{96B61B37-3B10-423A-B166-16FCDE5AA586}.Release|Any CPU.Build.0 = Release|Any CPU
		{62017436-714D-4995-9514-64F8140EA574}.Debug|Any CPU.ActiveCfg = Debug|Any CPU
		{62017436-714D-4995-9514-64F8140EA574}.Debug|Any CPU.Build.0 = Debug|Any CPU
		{62017436-714D-4995-9514-64F8140EA574}.Release|Any CPU.ActiveCfg = Release|Any CPU
		{62017436-714D-4995-9514-64F8140EA574}.Release|Any CPU.Build.0 = Release|Any CPU
		{93C1E518-2F5C-4D32-99D3-086AFB35F285}.Debug|Any CPU.ActiveCfg = Debug|Any CPU
		{93C1E518-2F5C-4D32-99D3-086AFB35F285}.Debug|Any CPU.Build.0 = Debug|Any CPU
		{93C1E518-2F5C-4D32-99D3-086AFB35F285}.Release|Any CPU.ActiveCfg = Release|Any CPU
		{93C1E518-2F5C-4D32-99D3-086AFB35F285}.Release|Any CPU.Build.0 = Release|Any CPU
		{0903438A-EE4E-44EA-92C8-937BB1FF4394}.Debug|Any CPU.ActiveCfg = Debug|Any CPU
		{0903438A-EE4E-44EA-92C8-937BB1FF4394}.Debug|Any CPU.Build.0 = Debug|Any CPU
		{0903438A-EE4E-44EA-92C8-937BB1FF4394}.Release|Any CPU.ActiveCfg = Release|Any CPU
		{0903438A-EE4E-44EA-92C8-937BB1FF4394}.Release|Any CPU.Build.0 = Release|Any CPU
		{3BA24EDF-B2DD-41BD-BC9F-3F9C16A25D02}.Debug|Any CPU.ActiveCfg = Debug|Any CPU
		{3BA24EDF-B2DD-41BD-BC9F-3F9C16A25D02}.Debug|Any CPU.Build.0 = Debug|Any CPU
		{3BA24EDF-B2DD-41BD-BC9F-3F9C16A25D02}.Release|Any CPU.ActiveCfg = Release|Any CPU
		{3BA24EDF-B2DD-41BD-BC9F-3F9C16A25D02}.Release|Any CPU.Build.0 = Release|Any CPU
		{45FE11F6-996B-45F2-8465-519EDE0BF016}.Debug|Any CPU.ActiveCfg = Debug|Any CPU
		{45FE11F6-996B-45F2-8465-519EDE0BF016}.Debug|Any CPU.Build.0 = Debug|Any CPU
		{45FE11F6-996B-45F2-8465-519EDE0BF016}.Release|Any CPU.ActiveCfg = Release|Any CPU
		{45FE11F6-996B-45F2-8465-519EDE0BF016}.Release|Any CPU.Build.0 = Release|Any CPU
	EndGlobalSection
	GlobalSection(NestedProjects) = preSolution
		{4E8E2ABC-0549-4F6F-AA4F-61A17BF04185} = {10353C2B-613D-4ABD-87E1-B8EF850424FA}
		{3FCB6496-6A30-4103-8236-D34C56FFC255} = {10353C2B-613D-4ABD-87E1-B8EF850424FA}
		{7CF8CC54-EF91-4590-930E-5986E37D0702} = {B5C6DE68-509E-4D4E-9DEB-26B9E66D9F90}
		{10C53148-6A0C-4E80-A6BA-C82DD7F3F99A} = {B4158AD8-53A5-4815-BB45-5425DB9C3F65}
		{AC23CBD6-7727-4A08-86A9-6926C76F7449} = {B4158AD8-53A5-4815-BB45-5425DB9C3F65}
		{A1F872C7-D160-4568-B3E3-387EDFC62852} = {0591E50C-7C90-4567-810F-8678021B3979}
		{E64463B3-969C-4637-8B94-3E92C98AF15E} = {0591E50C-7C90-4567-810F-8678021B3979}
		{DC26E2C6-9AF7-487E-9848-5141A4B46371} = {D3CBFA81-9C25-4F96-8D8E-A755D9458128}
		{9262244F-5CE1-4DBA-8579-0D9671199471} = {D3CBFA81-9C25-4F96-8D8E-A755D9458128}
		{BBD08A9D-A6EA-45BB-9051-2B009D821BC8} = {D3CBFA81-9C25-4F96-8D8E-A755D9458128}
		{96B61B37-3B10-423A-B166-16FCDE5AA586} = {D3CBFA81-9C25-4F96-8D8E-A755D9458128}
		{62017436-714D-4995-9514-64F8140EA574} = {AEEFC09B-5230-4101-9119-613C597CDD34}
		{93C1E518-2F5C-4D32-99D3-086AFB35F285} = {AEEFC09B-5230-4101-9119-613C597CDD34}
		{0903438A-EE4E-44EA-92C8-937BB1FF4394} = {7C841E9D-37F3-4233-8162-5A76DAE9DCCB}
		{3BA24EDF-B2DD-41BD-BC9F-3F9C16A25D02} = {7C841E9D-37F3-4233-8162-5A76DAE9DCCB}
		{45FE11F6-996B-45F2-8465-519EDE0BF016} = {B5C6DE68-509E-4D4E-9DEB-26B9E66D9F90}
	EndGlobalSection
EndGlobal
